
Microsoft Visual Studio Solution File, Format Version 12.00
# Visual Studio Version 17
VisualStudioVersion = 17.9.34723.18
MinimumVisualStudioVersion = 10.0.40219.1
Project("{2150E333-8FDC-42A3-9474-1A3956D46DE8}") = "Services", "Services", "{08EEB90D-41C1-441B-A683-DD61CDD544A7}"
EndProject
Project("{2150E333-8FDC-42A3-9474-1A3956D46DE8}") = "Catalog", "Catalog", "{84BED597-1FF1-42F0-BDB9-22A9B4F789A8}"
EndProject
Project("{9A19103F-16F7-4668-BE54-9A1E7A4F7556}") = "Catalog.API", "Services\Catalog\Catalog.API\Catalog.API.csproj", "{31A47E01-866D-4C8A-90E3-649CEE6F13D7}"
EndProject
Project("{2150E333-8FDC-42A3-9474-1A3956D46DE8}") = "BuildingBlocks", "BuildingBlocks", "{431F33D3-C422-4668-A3F3-FD47B3D046BE}"
EndProject
Project("{9A19103F-16F7-4668-BE54-9A1E7A4F7556}") = "BuildingBlocks", "BuildingBlocks\BuildingBlocks\BuildingBlocks.csproj", "{99EFBF93-1C99-40DC-A524-350EE3EF9754}"
EndProject
Project("{E53339B2-1760-4266-BCC7-CA923CBCF16C}") = "docker-compose", "docker-compose.dcproj", "{F6CAE3C3-335B-4ECC-BBF2-ABDD385CEA82}"
EndProject
Project("{2150E333-8FDC-42A3-9474-1A3956D46DE8}") = "Basket", "Basket", "{8CF1526F-9FB5-4A0A-9339-29E560CE8769}"
EndProject
Project("{9A19103F-16F7-4668-BE54-9A1E7A4F7556}") = "Basket.API", "Services\Basket\Basket.API\Basket.API.csproj", "{2B3EFF1F-D22D-4742-8E70-5AC5EF32534B}"
EndProject
Project("{2150E333-8FDC-42A3-9474-1A3956D46DE8}") = "Discount", "Discount", "{634EDC48-94F7-489E-BF5C-A2D2602DBD48}"
EndProject
Project("{FAE04EC0-301F-11D3-BF4B-00C04F79EFBC}") = "Discount.Grpc", "Services\Discount\Discount.Grpc\Discount.Grpc.csproj", "{436E24F7-9C4D-4EC0-97C1-8F9DC6C6E79B}"
EndProject
Global
	GlobalSection(SolutionConfigurationPlatforms) = preSolution
		Debug|Any CPU = Debug|Any CPU
		Release|Any CPU = Release|Any CPU
	EndGlobalSection
	GlobalSection(ProjectConfigurationPlatforms) = postSolution
		{31A47E01-866D-4C8A-90E3-649CEE6F13D7}.Debug|Any CPU.ActiveCfg = Debug|Any CPU
		{31A47E01-866D-4C8A-90E3-649CEE6F13D7}.Debug|Any CPU.Build.0 = Debug|Any CPU
		{31A47E01-866D-4C8A-90E3-649CEE6F13D7}.Release|Any CPU.ActiveCfg = Release|Any CPU
		{31A47E01-866D-4C8A-90E3-649CEE6F13D7}.Release|Any CPU.Build.0 = Release|Any CPU
		{99EFBF93-1C99-40DC-A524-350EE3EF9754}.Debug|Any CPU.ActiveCfg = Debug|Any CPU
		{99EFBF93-1C99-40DC-A524-350EE3EF9754}.Debug|Any CPU.Build.0 = Debug|Any CPU
		{99EFBF93-1C99-40DC-A524-350EE3EF9754}.Release|Any CPU.ActiveCfg = Release|Any CPU
		{99EFBF93-1C99-40DC-A524-350EE3EF9754}.Release|Any CPU.Build.0 = Release|Any CPU
		{F6CAE3C3-335B-4ECC-BBF2-ABDD385CEA82}.Debug|Any CPU.ActiveCfg = Debug|Any CPU
		{F6CAE3C3-335B-4ECC-BBF2-ABDD385CEA82}.Debug|Any CPU.Build.0 = Debug|Any CPU
		{F6CAE3C3-335B-4ECC-BBF2-ABDD385CEA82}.Release|Any CPU.ActiveCfg = Release|Any CPU
		{F6CAE3C3-335B-4ECC-BBF2-ABDD385CEA82}.Release|Any CPU.Build.0 = Release|Any CPU
		{2B3EFF1F-D22D-4742-8E70-5AC5EF32534B}.Debug|Any CPU.ActiveCfg = Debug|Any CPU
		{2B3EFF1F-D22D-4742-8E70-5AC5EF32534B}.Debug|Any CPU.Build.0 = Debug|Any CPU
		{2B3EFF1F-D22D-4742-8E70-5AC5EF32534B}.Release|Any CPU.ActiveCfg = Release|Any CPU
		{2B3EFF1F-D22D-4742-8E70-5AC5EF32534B}.Release|Any CPU.Build.0 = Release|Any CPU
		{436E24F7-9C4D-4EC0-97C1-8F9DC6C6E79B}.Debug|Any CPU.ActiveCfg = Debug|Any CPU
		{436E24F7-9C4D-4EC0-97C1-8F9DC6C6E79B}.Debug|Any CPU.Build.0 = Debug|Any CPU
		{436E24F7-9C4D-4EC0-97C1-8F9DC6C6E79B}.Release|Any CPU.ActiveCfg = Release|Any CPU
		{436E24F7-9C4D-4EC0-97C1-8F9DC6C6E79B}.Release|Any CPU.Build.0 = Release|Any CPU
	EndGlobalSection
	GlobalSection(SolutionProperties) = preSolution
		HideSolutionNode = FALSE
	EndGlobalSection
	GlobalSection(NestedProjects) = preSolution
		{84BED597-1FF1-42F0-BDB9-22A9B4F789A8} = {08EEB90D-41C1-441B-A683-DD61CDD544A7}
		{31A47E01-866D-4C8A-90E3-649CEE6F13D7} = {84BED597-1FF1-42F0-BDB9-22A9B4F789A8}
		{99EFBF93-1C99-40DC-A524-350EE3EF9754} = {431F33D3-C422-4668-A3F3-FD47B3D046BE}
		{8CF1526F-9FB5-4A0A-9339-29E560CE8769} = {08EEB90D-41C1-441B-A683-DD61CDD544A7}
		{2B3EFF1F-D22D-4742-8E70-5AC5EF32534B} = {8CF1526F-9FB5-4A0A-9339-29E560CE8769}
		{634EDC48-94F7-489E-BF5C-A2D2602DBD48} = {08EEB90D-41C1-441B-A683-DD61CDD544A7}
		{436E24F7-9C4D-4EC0-97C1-8F9DC6C6E79B} = {634EDC48-94F7-489E-BF5C-A2D2602DBD48}
	EndGlobalSection
	GlobalSection(ExtensibilityGlobals) = postSolution
		SolutionGuid = {53786562-FBCD-4546-821A-0A9CF77BD895}
	EndGlobalSection
EndGlobal
